
Microsoft Visual Studio Solution File, Format Version 12.00
# Visual Studio Version 17
VisualStudioVersion = 17.8.34525.116
MinimumVisualStudioVersion = 10.0.40219.1
Project("{FAE04EC0-301F-11D3-BF4B-00C04F79EFBC}") = "FirstReCapProject", "FirstReCapProject\FirstReCapProject.csproj", "{4FBA25BC-8B49-4CC2-AC00-2860442972B5}"
EndProject
Global
	GlobalSection(SolutionConfigurationPlatforms) = preSolution
		Debug|Any CPU = Debug|Any CPU
		Release|Any CPU = Release|Any CPU
	EndGlobalSection
	GlobalSection(ProjectConfigurationPlatforms) = postSolution
		{4FBA25BC-8B49-4CC2-AC00-2860442972B5}.Debug|Any CPU.ActiveCfg = Debug|Any CPU
		{4FBA25BC-8B49-4CC2-AC00-2860442972B5}.Debug|Any CPU.Build.0 = Debug|Any CPU
		{4FBA25BC-8B49-4CC2-AC00-2860442972B5}.Release|Any CPU.ActiveCfg = Release|Any CPU
		{4FBA25BC-8B49-4CC2-AC00-2860442972B5}.Release|Any CPU.Build.0 = Release|Any CPU
	EndGlobalSection
	GlobalSection(SolutionProperties) = preSolution
		HideSolutionNode = FALSE
	EndGlobalSection
	GlobalSection(ExtensibilityGlobals) = postSolution
		SolutionGuid = {3FAC4495-4967-4D84-AF7D-E9BE5C4516E3}
	EndGlobalSection
EndGlobal
